
Microsoft Visual Studio Solution File, Format Version 12.00
# Visual Studio Version 17
VisualStudioVersion = 17.0.31903.59
MinimumVisualStudioVersion = 10.0.40219.1
Project("{2150E333-8FDC-42A3-9474-1A3956D46DE8}") = "src", "src", "{1E5437ED-C875-4241-926B-AF10110B61DD}"
EndProject
Project("{FAE04EC0-301F-11D3-BF4B-00C04F79EFBC}") = "ToDoApi.Api", "src\ToDoApi.Api\ToDoApi.Api.csproj", "{28B5C23F-88A1-4BD1-AD98-5A027EFD2FB5}"
EndProject
Project("{FAE04EC0-301F-11D3-BF4B-00C04F79EFBC}") = "ToDoApi.Application", "src\ToDoApi.Application\ToDoApi.Application.csproj", "{02E6A3A5-ED10-4C92-88B9-FAB820F5E673}"
EndProject
Project("{FAE04EC0-301F-11D3-BF4B-00C04F79EFBC}") = "ToDoApi.Domain", "src\ToDoApi.Domain\ToDoApi.Domain.csproj", "{A9D82CDC-30F6-44A1-AD84-10A863560B51}"
EndProject
Project("{FAE04EC0-301F-11D3-BF4B-00C04F79EFBC}") = "ToDoApi.Infrastructure", "src\ToDoApi.Infrastructure\ToDoApi.Infrastructure.csproj", "{DD4033B9-0F02-40A2-A512-BDAD1127264B}"
EndProject
Global
	GlobalSection(SolutionConfigurationPlatforms) = preSolution
		Debug|Any CPU = Debug|Any CPU
		Release|Any CPU = Release|Any CPU
	EndGlobalSection
	GlobalSection(SolutionProperties) = preSolution
		HideSolutionNode = FALSE
	EndGlobalSection
	GlobalSection(ProjectConfigurationPlatforms) = postSolution
		{28B5C23F-88A1-4BD1-AD98-5A027EFD2FB5}.Debug|Any CPU.ActiveCfg = Debug|Any CPU
		{28B5C23F-88A1-4BD1-AD98-5A027EFD2FB5}.Debug|Any CPU.Build.0 = Debug|Any CPU
		{28B5C23F-88A1-4BD1-AD98-5A027EFD2FB5}.Release|Any CPU.ActiveCfg = Release|Any CPU
		{28B5C23F-88A1-4BD1-AD98-5A027EFD2FB5}.Release|Any CPU.Build.0 = Release|Any CPU
		{02E6A3A5-ED10-4C92-88B9-FAB820F5E673}.Debug|Any CPU.ActiveCfg = Debug|Any CPU
		{02E6A3A5-ED10-4C92-88B9-FAB820F5E673}.Debug|Any CPU.Build.0 = Debug|Any CPU
		{02E6A3A5-ED10-4C92-88B9-FAB820F5E673}.Release|Any CPU.ActiveCfg = Release|Any CPU
		{02E6A3A5-ED10-4C92-88B9-FAB820F5E673}.Release|Any CPU.Build.0 = Release|Any CPU
		{A9D82CDC-30F6-44A1-AD84-10A863560B51}.Debug|Any CPU.ActiveCfg = Debug|Any CPU
		{A9D82CDC-30F6-44A1-AD84-10A863560B51}.Debug|Any CPU.Build.0 = Debug|Any CPU
		{A9D82CDC-30F6-44A1-AD84-10A863560B51}.Release|Any CPU.ActiveCfg = Release|Any CPU
		{A9D82CDC-30F6-44A1-AD84-10A863560B51}.Release|Any CPU.Build.0 = Release|Any CPU
		{DD4033B9-0F02-40A2-A512-BDAD1127264B}.Debug|Any CPU.ActiveCfg = Debug|Any CPU
		{DD4033B9-0F02-40A2-A512-BDAD1127264B}.Debug|Any CPU.Build.0 = Debug|Any CPU
		{DD4033B9-0F02-40A2-A512-BDAD1127264B}.Release|Any CPU.ActiveCfg = Release|Any CPU
		{DD4033B9-0F02-40A2-A512-BDAD1127264B}.Release|Any CPU.Build.0 = Release|Any CPU
	EndGlobalSection
	GlobalSection(NestedProjects) = preSolution
		{28B5C23F-88A1-4BD1-AD98-5A027EFD2FB5} = {1E5437ED-C875-4241-926B-AF10110B61DD}
		{02E6A3A5-ED10-4C92-88B9-FAB820F5E673} = {1E5437ED-C875-4241-926B-AF10110B61DD}
		{A9D82CDC-30F6-44A1-AD84-10A863560B51} = {1E5437ED-C875-4241-926B-AF10110B61DD}
		{DD4033B9-0F02-40A2-A512-BDAD1127264B} = {1E5437ED-C875-4241-926B-AF10110B61DD}
	EndGlobalSection
EndGlobal
